
Microsoft Visual Studio Solution File, Format Version 12.00
# Visual Studio Version 16
VisualStudioVersion = 16.0.31424.327
MinimumVisualStudioVersion = 10.0.40219.1
Project("{FAE04EC0-301F-11D3-BF4B-00C04F79EFBC}") = "ThinkBridgeSolu", "ThinkBridgeSolu.csproj", "{06963508-10F3-455F-89EE-E0914B8DC362}"
EndProject
Global
	GlobalSection(SolutionConfigurationPlatforms) = preSolution
		Debug|Any CPU = Debug|Any CPU
		Release|Any CPU = Release|Any CPU
	EndGlobalSection
	GlobalSection(ProjectConfigurationPlatforms) = postSolution
		{06963508-10F3-455F-89EE-E0914B8DC362}.Debug|Any CPU.ActiveCfg = Debug|Any CPU
		{06963508-10F3-455F-89EE-E0914B8DC362}.Debug|Any CPU.Build.0 = Debug|Any CPU
		{06963508-10F3-455F-89EE-E0914B8DC362}.Release|Any CPU.ActiveCfg = Release|Any CPU
		{06963508-10F3-455F-89EE-E0914B8DC362}.Release|Any CPU.Build.0 = Release|Any CPU
	EndGlobalSection
	GlobalSection(SolutionProperties) = preSolution
		HideSolutionNode = FALSE
	EndGlobalSection
	GlobalSection(ExtensibilityGlobals) = postSolution
		SolutionGuid = {96D40D46-D811-4E66-8795-2334BD51BD43}
	EndGlobalSection
EndGlobal
